
Microsoft Visual Studio Solution File, Format Version 12.00
# Visual Studio Version 17
VisualStudioVersion = 17.14.36327.8 d17.14
MinimumVisualStudioVersion = 10.0.40219.1
Project("{FAE04EC0-301F-11D3-BF4B-00C04F79EFBC}") = "BaseCAD", "BaseCAD.csproj", "{5A1E6BF6-8379-46BF-A6E3-A0D0A03BACD0}"
EndProject
Global
	GlobalSection(SolutionConfigurationPlatforms) = preSolution
		Debug|Any CPU = Debug|Any CPU
		Release|Any CPU = Release|Any CPU
	EndGlobalSection
	GlobalSection(ProjectConfigurationPlatforms) = postSolution
		{5A1E6BF6-8379-46BF-A6E3-A0D0A03BACD0}.Debug|Any CPU.ActiveCfg = Debug|Any CPU
		{5A1E6BF6-8379-46BF-A6E3-A0D0A03BACD0}.Debug|Any CPU.Build.0 = Debug|Any CPU
		{5A1E6BF6-8379-46BF-A6E3-A0D0A03BACD0}.Release|Any CPU.ActiveCfg = Release|Any CPU
		{5A1E6BF6-8379-46BF-A6E3-A0D0A03BACD0}.Release|Any CPU.Build.0 = Release|Any CPU
	EndGlobalSection
	GlobalSection(SolutionProperties) = preSolution
		HideSolutionNode = FALSE
	EndGlobalSection
	GlobalSection(ExtensibilityGlobals) = postSolution
		SolutionGuid = {EB36DF35-7E93-4C84-9D21-82ACBC592161}
	EndGlobalSection
EndGlobal
