
Microsoft Visual Studio Solution File, Format Version 12.00
# Visual Studio Version 17
VisualStudioVersion = 17.14.36327.8
MinimumVisualStudioVersion = 10.0.40219.1
Project("{FAE04EC0-301F-11D3-BF4B-00C04F79EFBC}") = "PLN", "PLN\PLN.csproj", "{5A1E6BF6-8379-46BF-A6E3-A0D0A03BACD0}"
EndProject
Project("{FAE04EC0-301F-11D3-BF4B-00C04F79EFBC}") = "PLN.Tests", "PLN.Tests\PLN.Tests.csproj", "{A44474DD-E692-3C51-44D8-D15B10B62292}"
EndProject
Project("{2150E333-8FDC-42A3-9474-1A3956D46DE8}") = "ソリューション項目", "ソリューション項目", "{2022CB0F-8BAF-F49E-0C48-8EF4C96EC109}"
	ProjectSection(SolutionItems) = preProject
		.gitattributes = .gitattributes
		.gitignore = .gitignore
	EndProjectSection
EndProject
Global
	GlobalSection(SolutionConfigurationPlatforms) = preSolution
		Debug|Any CPU = Debug|Any CPU
		Release|Any CPU = Release|Any CPU
	EndGlobalSection
	GlobalSection(ProjectConfigurationPlatforms) = postSolution
		{5A1E6BF6-8379-46BF-A6E3-A0D0A03BACD0}.Debug|Any CPU.ActiveCfg = Debug|Any CPU
		{5A1E6BF6-8379-46BF-A6E3-A0D0A03BACD0}.Debug|Any CPU.Build.0 = Debug|Any CPU
		{5A1E6BF6-8379-46BF-A6E3-A0D0A03BACD0}.Release|Any CPU.ActiveCfg = Release|Any CPU
		{5A1E6BF6-8379-46BF-A6E3-A0D0A03BACD0}.Release|Any CPU.Build.0 = Release|Any CPU
		{A44474DD-E692-3C51-44D8-D15B10B62292}.Debug|Any CPU.ActiveCfg = Debug|Any CPU
		{A44474DD-E692-3C51-44D8-D15B10B62292}.Debug|Any CPU.Build.0 = Debug|Any CPU
		{A44474DD-E692-3C51-44D8-D15B10B62292}.Release|Any CPU.ActiveCfg = Release|Any CPU
		{A44474DD-E692-3C51-44D8-D15B10B62292}.Release|Any CPU.Build.0 = Release|Any CPU
	EndGlobalSection
	GlobalSection(SolutionProperties) = preSolution
		HideSolutionNode = FALSE
	EndGlobalSection
	GlobalSection(ExtensibilityGlobals) = postSolution
		SolutionGuid = {EB36DF35-7E93-4C84-9D21-82ACBC592161}
	EndGlobalSection
EndGlobal
